// !$*UTF8*$!
{
	archiveVersion = 1;
	classes = {
	};
	objectVersion = 52;
	objects = {

/* Begin PBXBuildFile section */
		021739A2264D2B5400166B0E /* Covid_Cases_VisualizerApp.swift in Sources */ = {isa = PBXBuildFile; fileRef = 021739A1264D2B5400166B0E /* Covid_Cases_VisualizerApp.swift */; };
		021739A4264D2B5400166B0E /* DashboardView.swift in Sources */ = {isa = PBXBuildFile; fileRef = 021739A3264D2B5400166B0E /* DashboardView.swift */; };
		021739A6264D2B5600166B0E /* Assets.xcassets in Resources */ = {isa = PBXBuildFile; fileRef = 021739A5264D2B5600166B0E /* Assets.xcassets */; };
		021739A9264D2B5600166B0E /* Preview Assets.xcassets in Resources */ = {isa = PBXBuildFile; fileRef = 021739A8264D2B5600166B0E /* Preview Assets.xcassets */; };
		021739B5264D2C9900166B0E /* Country.swift in Sources */ = {isa = PBXBuildFile; fileRef = 021739B4264D2C9900166B0E /* Country.swift */; };
		021739C1264D3CC800166B0E /* APIService.swift in Sources */ = {isa = PBXBuildFile; fileRef = 021739C0264D3CC800166B0E /* APIService.swift */; };
		02D53DA2264DDA7E004509D0 /* CountryDetailsView.swift in Sources */ = {isa = PBXBuildFile; fileRef = 02D53DA1264DDA7E004509D0 /* CountryDetailsView.swift */; };
		02D53DA4264DDD0D004509D0 /* LiveStats.swift in Sources */ = {isa = PBXBuildFile; fileRef = 02D53DA3264DDD0D004509D0 /* LiveStats.swift */; };
		02D53DA6264DF403004509D0 /* Summary.swift in Sources */ = {isa = PBXBuildFile; fileRef = 02D53DA5264DF403004509D0 /* Summary.swift */; };
		02D53DA8264DF639004509D0 /* GlobalStats.swift in Sources */ = {isa = PBXBuildFile; fileRef = 02D53DA7264DF639004509D0 /* GlobalStats.swift */; };
		02D53DAB264DFD84004509D0 /* Int+Abbr.swift in Sources */ = {isa = PBXBuildFile; fileRef = 02D53DAA264DFD84004509D0 /* Int+Abbr.swift */; };
		02D53DAD264DFEA4004509D0 /* GlobalStatsView.swift in Sources */ = {isa = PBXBuildFile; fileRef = 02D53DAC264DFEA4004509D0 /* GlobalStatsView.swift */; };
		02D53DAF264E002D004509D0 /* CountrySelectorView.swift in Sources */ = {isa = PBXBuildFile; fileRef = 02D53DAE264E002D004509D0 /* CountrySelectorView.swift */; };
		02D53DB2264E01A4004509D0 /* DefaultKeys.swift in Sources */ = {isa = PBXBuildFile; fileRef = 02D53DB1264E01A4004509D0 /* DefaultKeys.swift */; };
		02D53DB5264E0E99004509D0 /* SwiftUICharts in Frameworks */ = {isa = PBXBuildFile; productRef = 02D53DB4264E0E99004509D0 /* SwiftUICharts */; };
/* End PBXBuildFile section */

/* Begin PBXFileReference section */
		0217399E264D2B5400166B0E /* Covid Cases Visualizer.app */ = {isa = PBXFileReference; explicitFileType = wrapper.application; includeInIndex = 0; path = "Covid Cases Visualizer.app"; sourceTree = BUILT_PRODUCTS_DIR; };
		021739A1264D2B5400166B0E /* Covid_Cases_VisualizerApp.swift */ = {isa = PBXFileReference; lastKnownFileType = sourcecode.swift; path = Covid_Cases_VisualizerApp.swift; sourceTree = "<group>"; };
		021739A3264D2B5400166B0E /* DashboardView.swift */ = {isa = PBXFileReference; lastKnownFileType = sourcecode.swift; path = DashboardView.swift; sourceTree = "<group>"; };
		021739A5264D2B5600166B0E /* Assets.xcassets */ = {isa = PBXFileReference; lastKnownFileType = folder.assetcatalog; path = Assets.xcassets; sourceTree = "<group>"; };
		021739A8264D2B5600166B0E /* Preview Assets.xcassets */ = {isa = PBXFileReference; lastKnownFileType = folder.assetcatalog; path = "Preview Assets.xcassets"; sourceTree = "<group>"; };
		021739AA264D2B5600166B0E /* Info.plist */ = {isa = PBXFileReference; lastKnownFileType = text.plist.xml; path = Info.plist; sourceTree = "<group>"; };
		021739B4264D2C9900166B0E /* Country.swift */ = {isa = PBXFileReference; lastKnownFileType = sourcecode.swift; path = Country.swift; sourceTree = "<group>"; };
		021739C0264D3CC800166B0E /* APIService.swift */ = {isa = PBXFileReference; lastKnownFileType = sourcecode.swift; path = APIService.swift; sourceTree = "<group>"; };
		02D53DA1264DDA7E004509D0 /* CountryDetailsView.swift */ = {isa = PBXFileReference; lastKnownFileType = sourcecode.swift; path = CountryDetailsView.swift; sourceTree = "<group>"; };
		02D53DA3264DDD0D004509D0 /* LiveStats.swift */ = {isa = PBXFileReference; lastKnownFileType = sourcecode.swift; path = LiveStats.swift; sourceTree = "<group>"; };
		02D53DA5264DF403004509D0 /* Summary.swift */ = {isa = PBXFileReference; lastKnownFileType = sourcecode.swift; path = Summary.swift; sourceTree = "<group>"; };
		02D53DA7264DF639004509D0 /* GlobalStats.swift */ = {isa = PBXFileReference; lastKnownFileType = sourcecode.swift; path = GlobalStats.swift; sourceTree = "<group>"; };
		02D53DAA264DFD84004509D0 /* Int+Abbr.swift */ = {isa = PBXFileReference; lastKnownFileType = sourcecode.swift; path = "Int+Abbr.swift"; sourceTree = "<group>"; };
		02D53DAC264DFEA4004509D0 /* GlobalStatsView.swift */ = {isa = PBXFileReference; lastKnownFileType = sourcecode.swift; path = GlobalStatsView.swift; sourceTree = "<group>"; };
		02D53DAE264E002D004509D0 /* CountrySelectorView.swift */ = {isa = PBXFileReference; lastKnownFileType = sourcecode.swift; path = CountrySelectorView.swift; sourceTree = "<group>"; };
		02D53DB1264E01A4004509D0 /* DefaultKeys.swift */ = {isa = PBXFileReference; lastKnownFileType = sourcecode.swift; path = DefaultKeys.swift; sourceTree = "<group>"; };
/* End PBXFileReference section */

/* Begin PBXFrameworksBuildPhase section */
		0217399B264D2B5400166B0E /* Frameworks */ = {
			isa = PBXFrameworksBuildPhase;
			buildActionMask = 2147483647;
			files = (
				02D53DB5264E0E99004509D0 /* SwiftUICharts in Frameworks */,
			);
			runOnlyForDeploymentPostprocessing = 0;
		};
/* End PBXFrameworksBuildPhase section */

/* Begin PBXGroup section */
		02173995264D2B5400166B0E = {
			isa = PBXGroup;
			children = (
				021739A0264D2B5400166B0E /* Covid Cases Visualizer */,
				0217399F264D2B5400166B0E /* Products */,
			);
			sourceTree = "<group>";
		};
		0217399F264D2B5400166B0E /* Products */ = {
			isa = PBXGroup;
			children = (
				0217399E264D2B5400166B0E /* Covid Cases Visualizer.app */,
			);
			name = Products;
			sourceTree = "<group>";
		};
		021739A0264D2B5400166B0E /* Covid Cases Visualizer */ = {
			isa = PBXGroup;
			children = (
				02D53DB0264E0120004509D0 /* UserBehavior */,
				02D53DA9264DFD3C004509D0 /* Extensions */,
				021739B7264D2E9B00166B0E /* Network */,
				021739B2264D2C0B00166B0E /* Model */,
				021739B3264D2C1D00166B0E /* Views */,
				021739A1264D2B5400166B0E /* Covid_Cases_VisualizerApp.swift */,
				021739A5264D2B5600166B0E /* Assets.xcassets */,
				021739AA264D2B5600166B0E /* Info.plist */,
				021739A7264D2B5600166B0E /* Preview Content */,
			);
			path = "Covid Cases Visualizer";
			sourceTree = "<group>";
		};
		021739A7264D2B5600166B0E /* Preview Content */ = {
			isa = PBXGroup;
			children = (
				021739A8264D2B5600166B0E /* Preview Assets.xcassets */,
			);
			path = "Preview Content";
			sourceTree = "<group>";
		};
		021739B2264D2C0B00166B0E /* Model */ = {
			isa = PBXGroup;
			children = (
				021739B4264D2C9900166B0E /* Country.swift */,
				02D53DA3264DDD0D004509D0 /* LiveStats.swift */,
				02D53DA5264DF403004509D0 /* Summary.swift */,
				02D53DA7264DF639004509D0 /* GlobalStats.swift */,
			);
			path = Model;
			sourceTree = "<group>";
		};
		021739B3264D2C1D00166B0E /* Views */ = {
			isa = PBXGroup;
			children = (
				021739A3264D2B5400166B0E /* DashboardView.swift */,
				02D53DA1264DDA7E004509D0 /* CountryDetailsView.swift */,
				02D53DAC264DFEA4004509D0 /* GlobalStatsView.swift */,
				02D53DAE264E002D004509D0 /* CountrySelectorView.swift */,
			);
			path = Views;
			sourceTree = "<group>";
		};
		021739B7264D2E9B00166B0E /* Network */ = {
			isa = PBXGroup;
			children = (
				021739C0264D3CC800166B0E /* APIService.swift */,
			);
			path = Network;
			sourceTree = "<group>";
		};
		02D53DA9264DFD3C004509D0 /* Extensions */ = {
			isa = PBXGroup;
			children = (
				02D53DAA264DFD84004509D0 /* Int+Abbr.swift */,
			);
			path = Extensions;
			sourceTree = "<group>";
		};
		02D53DB0264E0120004509D0 /* UserBehavior */ = {
			isa = PBXGroup;
			children = (
				02D53DB1264E01A4004509D0 /* DefaultKeys.swift */,
			);
			path = UserBehavior;
			sourceTree = "<group>";
		};
/* End PBXGroup section */

/* Begin PBXNativeTarget section */
		0217399D264D2B5400166B0E /* Covid Cases Visualizer */ = {
			isa = PBXNativeTarget;
			buildConfigurationList = 021739AD264D2B5600166B0E /* Build configuration list for PBXNativeTarget "Covid Cases Visualizer" */;
			buildPhases = (
				0217399A264D2B5400166B0E /* Sources */,
				0217399B264D2B5400166B0E /* Frameworks */,
				0217399C264D2B5400166B0E /* Resources */,
			);
			buildRules = (
			);
			dependencies = (
			);
			name = "Covid Cases Visualizer";
			packageProductDependencies = (
				02D53DB4264E0E99004509D0 /* SwiftUICharts */,
			);
			productName = "Covid Cases Visualizer";
			productReference = 0217399E264D2B5400166B0E /* Covid Cases Visualizer.app */;
			productType = "com.apple.product-type.application";
		};
/* End PBXNativeTarget section */

/* Begin PBXProject section */
		02173996264D2B5400166B0E /* Project object */ = {
			isa = PBXProject;
			attributes = {
				LastSwiftUpdateCheck = 1240;
				LastUpgradeCheck = 1240;
				TargetAttributes = {
					0217399D264D2B5400166B0E = {
						CreatedOnToolsVersion = 12.4;
					};
				};
			};
			buildConfigurationList = 02173999264D2B5400166B0E /* Build configuration list for PBXProject "Covid Cases Visualizer" */;
			compatibilityVersion = "Xcode 9.3";
			developmentRegion = en;
			hasScannedForEncodings = 0;
			knownRegions = (
				en,
				Base,
			);
			mainGroup = 02173995264D2B5400166B0E;
			packageReferences = (
				02D53DB3264E0E99004509D0 /* XCRemoteSwiftPackageReference "ChartView" */,
			);
			productRefGroup = 0217399F264D2B5400166B0E /* Products */;
			projectDirPath = "";
			projectRoot = "";
			targets = (
				0217399D264D2B5400166B0E /* Covid Cases Visualizer */,
			);
		};
/* End PBXProject section */

/* Begin PBXResourcesBuildPhase section */
		0217399C264D2B5400166B0E /* Resources */ = {
			isa = PBXResourcesBuildPhase;
			buildActionMask = 2147483647;
			files = (
				021739A9264D2B5600166B0E /* Preview Assets.xcassets in Resources */,
				021739A6264D2B5600166B0E /* Assets.xcassets in Resources */,
			);
			runOnlyForDeploymentPostprocessing = 0;
		};
/* End PBXResourcesBuildPhase section */

/* Begin PBXSourcesBuildPhase section */
		0217399A264D2B5400166B0E /* Sources */ = {
			isa = PBXSourcesBuildPhase;
			buildActionMask = 2147483647;
			files = (
				02D53DA6264DF403004509D0 /* Summary.swift in Sources */,
				02D53DAB264DFD84004509D0 /* Int+Abbr.swift in Sources */,
				021739A4264D2B5400166B0E /* DashboardView.swift in Sources */,
				02D53DAD264DFEA4004509D0 /* GlobalStatsView.swift in Sources */,
				021739B5264D2C9900166B0E /* Country.swift in Sources */,
				02D53DB2264E01A4004509D0 /* DefaultKeys.swift in Sources */,
				021739C1264D3CC800166B0E /* APIService.swift in Sources */,
				02D53DA8264DF639004509D0 /* GlobalStats.swift in Sources */,
				021739A2264D2B5400166B0E /* Covid_Cases_VisualizerApp.swift in Sources */,
				02D53DA2264DDA7E004509D0 /* CountryDetailsView.swift in Sources */,
				02D53DAF264E002D004509D0 /* CountrySelectorView.swift in Sources */,
				02D53DA4264DDD0D004509D0 /* LiveStats.swift in Sources */,
			);
			runOnlyForDeploymentPostprocessing = 0;
		};
/* End PBXSourcesBuildPhase section */

/* Begin XCBuildConfiguration section */
		021739AB264D2B5600166B0E /* Debug */ = {
			isa = XCBuildConfiguration;
			buildSettings = {
				ALWAYS_SEARCH_USER_PATHS = NO;
				CLANG_ANALYZER_NONNULL = YES;
				CLANG_ANALYZER_NUMBER_OBJECT_CONVERSION = YES_AGGRESSIVE;
				CLANG_CXX_LANGUAGE_STANDARD = "gnu++14";
				CLANG_CXX_LIBRARY = "libc++";
				CLANG_ENABLE_MODULES = YES;
				CLANG_ENABLE_OBJC_ARC = YES;
				CLANG_ENABLE_OBJC_WEAK = YES;
				CLANG_WARN_BLOCK_CAPTURE_AUTORELEASING = YES;
				CLANG_WARN_BOOL_CONVERSION = YES;
				CLANG_WARN_COMMA = YES;
				CLANG_WARN_CONSTANT_CONVERSION = YES;
				CLANG_WARN_DEPRECATED_OBJC_IMPLEMENTATIONS = YES;
				CLANG_WARN_DIRECT_OBJC_ISA_USAGE = YES_ERROR;
				CLANG_WARN_DOCUMENTATION_COMMENTS = YES;
				CLANG_WARN_EMPTY_BODY = YES;
				CLANG_WARN_ENUM_CONVERSION = YES;
				CLANG_WARN_INFINITE_RECURSION = YES;
				CLANG_WARN_INT_CONVERSION = YES;
				CLANG_WARN_NON_LITERAL_NULL_CONVERSION = YES;
				CLANG_WARN_OBJC_IMPLICIT_RETAIN_SELF = YES;
				CLANG_WARN_OBJC_LITERAL_CONVERSION = YES;
				CLANG_WARN_OBJC_ROOT_CLASS = YES_ERROR;
				CLANG_WARN_QUOTED_INCLUDE_IN_FRAMEWORK_HEADER = YES;
				CLANG_WARN_RANGE_LOOP_ANALYSIS = YES;
				CLANG_WARN_STRICT_PROTOTYPES = YES;
				CLANG_WARN_SUSPICIOUS_MOVE = YES;
				CLANG_WARN_UNGUARDED_AVAILABILITY = YES_AGGRESSIVE;
				CLANG_WARN_UNREACHABLE_CODE = YES;
				CLANG_WARN__DUPLICATE_METHOD_MATCH = YES;
				COPY_PHASE_STRIP = NO;
				DEBUG_INFORMATION_FORMAT = dwarf;
				ENABLE_STRICT_OBJC_MSGSEND = YES;
				ENABLE_TESTABILITY = YES;
				GCC_C_LANGUAGE_STANDARD = gnu11;
				GCC_DYNAMIC_NO_PIC = NO;
				GCC_NO_COMMON_BLOCKS = YES;
				GCC_OPTIMIZATION_LEVEL = 0;
				GCC_PREPROCESSOR_DEFINITIONS = (
					"DEBUG=1",
					"$(inherited)",
				);
				GCC_WARN_64_TO_32_BIT_CONVERSION = YES;
				GCC_WARN_ABOUT_RETURN_TYPE = YES_ERROR;
				GCC_WARN_UNDECLARED_SELECTOR = YES;
				GCC_WARN_UNINITIALIZED_AUTOS = YES_AGGRESSIVE;
				GCC_WARN_UNUSED_FUNCTION = YES;
				GCC_WARN_UNUSED_VARIABLE = YES;
				IPHONEOS_DEPLOYMENT_TARGET = 14.4;
				MTL_ENABLE_DEBUG_INFO = INCLUDE_SOURCE;
				MTL_FAST_MATH = YES;
				ONLY_ACTIVE_ARCH = YES;
				SDKROOT = iphoneos;
				SWIFT_ACTIVE_COMPILATION_CONDITIONS = DEBUG;
				SWIFT_OPTIMIZATION_LEVEL = "-Onone";
			};
			name = Debug;
		};
		021739AC264D2B5600166B0E /* Release */ = {
			isa = XCBuildConfiguration;
			buildSettings = {
				ALWAYS_SEARCH_USER_PATHS = NO;
				CLANG_ANALYZER_NONNULL = YES;
				CLANG_ANALYZER_NUMBER_OBJECT_CONVERSION = YES_AGGRESSIVE;
				CLANG_CXX_LANGUAGE_STANDARD = "gnu++14";
				CLANG_CXX_LIBRARY = "libc++";
				CLANG_ENABLE_MODULES = YES;
				CLANG_ENABLE_OBJC_ARC = YES;
				CLANG_ENABLE_OBJC_WEAK = YES;
				CLANG_WARN_BLOCK_CAPTURE_AUTORELEASING = YES;
				CLANG_WARN_BOOL_CONVERSION = YES;
				CLANG_WARN_COMMA = YES;
				CLANG_WARN_CONSTANT_CONVERSION = YES;
				CLANG_WARN_DEPRECATED_OBJC_IMPLEMENTATIONS = YES;
				CLANG_WARN_DIRECT_OBJC_ISA_USAGE = YES_ERROR;
				CLANG_WARN_DOCUMENTATION_COMMENTS = YES;
				CLANG_WARN_EMPTY_BODY = YES;
				CLANG_WARN_ENUM_CONVERSION = YES;
				CLANG_WARN_INFINITE_RECURSION = YES;
				CLANG_WARN_INT_CONVERSION = YES;
				CLANG_WARN_NON_LITERAL_NULL_CONVERSION = YES;
				CLANG_WARN_OBJC_IMPLICIT_RETAIN_SELF = YES;
				CLANG_WARN_OBJC_LITERAL_CONVERSION = YES;
				CLANG_WARN_OBJC_ROOT_CLASS = YES_ERROR;
				CLANG_WARN_QUOTED_INCLUDE_IN_FRAMEWORK_HEADER = YES;
				CLANG_WARN_RANGE_LOOP_ANALYSIS = YES;
				CLANG_WARN_STRICT_PROTOTYPES = YES;
				CLANG_WARN_SUSPICIOUS_MOVE = YES;
				CLANG_WARN_UNGUARDED_AVAILABILITY = YES_AGGRESSIVE;
				CLANG_WARN_UNREACHABLE_CODE = YES;
				CLANG_WARN__DUPLICATE_METHOD_MATCH = YES;
				COPY_PHASE_STRIP = NO;
				DEBUG_INFORMATION_FORMAT = "dwarf-with-dsym";
				ENABLE_NS_ASSERTIONS = NO;
				ENABLE_STRICT_OBJC_MSGSEND = YES;
				GCC_C_LANGUAGE_STANDARD = gnu11;
				GCC_NO_COMMON_BLOCKS = YES;
				GCC_WARN_64_TO_32_BIT_CONVERSION = YES;
				GCC_WARN_ABOUT_RETURN_TYPE = YES_ERROR;
				GCC_WARN_UNDECLARED_SELECTOR = YES;
				GCC_WARN_UNINITIALIZED_AUTOS = YES_AGGRESSIVE;
				GCC_WARN_UNUSED_FUNCTION = YES;
				GCC_WARN_UNUSED_VARIABLE = YES;
				IPHONEOS_DEPLOYMENT_TARGET = 14.4;
				MTL_ENABLE_DEBUG_INFO = NO;
				MTL_FAST_MATH = YES;
				SDKROOT = iphoneos;
				SWIFT_COMPILATION_MODE = wholemodule;
				SWIFT_OPTIMIZATION_LEVEL = "-O";
				VALIDATE_PRODUCT = YES;
			};
			name = Release;
		};
		021739AE264D2B5600166B0E /* Debug */ = {
			isa = XCBuildConfiguration;
			buildSettings = {
				ASSETCATALOG_COMPILER_APPICON_NAME = AppIcon;
				ASSETCATALOG_COMPILER_GLOBAL_ACCENT_COLOR_NAME = AccentColor;
				CODE_SIGN_STYLE = Automatic;
				DEVELOPMENT_ASSET_PATHS = "\"Covid Cases Visualizer/Preview Content\"";
				ENABLE_PREVIEWS = YES;
				INFOPLIST_FILE = "Covid Cases Visualizer/Info.plist";
				IPHONEOS_DEPLOYMENT_TARGET = 14.0;
				LD_RUNPATH_SEARCH_PATHS = (
					"$(inherited)",
					"@executable_path/Frameworks",
				);
				PRODUCT_BUNDLE_IDENTIFIER = "Thomas-Nguyen.Covid-Cases-Visualizer";
				PRODUCT_NAME = "$(TARGET_NAME)";
				SWIFT_VERSION = 5.0;
				TARGETED_DEVICE_FAMILY = "1,2";
			};
			name = Debug;
		};
		021739AF264D2B5600166B0E /* Release */ = {
			isa = XCBuildConfiguration;
			buildSettings = {
				ASSETCATALOG_COMPILER_APPICON_NAME = AppIcon;
				ASSETCATALOG_COMPILER_GLOBAL_ACCENT_COLOR_NAME = AccentColor;
				CODE_SIGN_STYLE = Automatic;
				DEVELOPMENT_ASSET_PATHS = "\"Covid Cases Visualizer/Preview Content\"";
				ENABLE_PREVIEWS = YES;
				INFOPLIST_FILE = "Covid Cases Visualizer/Info.plist";
				IPHONEOS_DEPLOYMENT_TARGET = 14.0;
				LD_RUNPATH_SEARCH_PATHS = (
					"$(inherited)",
					"@executable_path/Frameworks",
				);
				PRODUCT_BUNDLE_IDENTIFIER = "Thomas-Nguyen.Covid-Cases-Visualizer";
				PRODUCT_NAME = "$(TARGET_NAME)";
				SWIFT_VERSION = 5.0;
				TARGETED_DEVICE_FAMILY = "1,2";
			};
			name = Release;
		};
/* End XCBuildConfiguration section */

/* Begin XCConfigurationList section */
		02173999264D2B5400166B0E /* Build configuration list for PBXProject "Covid Cases Visualizer" */ = {
			isa = XCConfigurationList;
			buildConfigurations = (
				021739AB264D2B5600166B0E /* Debug */,
				021739AC264D2B5600166B0E /* Release */,
			);
			defaultConfigurationIsVisible = 0;
			defaultConfigurationName = Release;
		};
		021739AD264D2B5600166B0E /* Build configuration list for PBXNativeTarget "Covid Cases Visualizer" */ = {
			isa = XCConfigurationList;
			buildConfigurations = (
				021739AE264D2B5600166B0E /* Debug */,
				021739AF264D2B5600166B0E /* Release */,
			);
			defaultConfigurationIsVisible = 0;
			defaultConfigurationName = Release;
		};
/* End XCConfigurationList section */

/* Begin XCRemoteSwiftPackageReference section */
		02D53DB3264E0E99004509D0 /* XCRemoteSwiftPackageReference "ChartView" */ = {
			isa = XCRemoteSwiftPackageReference;
			repositoryURL = "https://github.com/AppPear/ChartView";
			requirement = {
				kind = upToNextMajorVersion;
				minimumVersion = 1.5.5;
			};
		};
/* End XCRemoteSwiftPackageReference section */

/* Begin XCSwiftPackageProductDependency section */
		02D53DB4264E0E99004509D0 /* SwiftUICharts */ = {
			isa = XCSwiftPackageProductDependency;
			package = 02D53DB3264E0E99004509D0 /* XCRemoteSwiftPackageReference "ChartView" */;
			productName = SwiftUICharts;
		};
/* End XCSwiftPackageProductDependency section */
	};
	rootObject = 02173996264D2B5400166B0E /* Project object */;
}
